{
  "name": "day13",
  "lockfileVersion": 2,
  "requires": true,
  "packages": {
    "": {
      "dependencies": {
        "valtech-avh": "^1.0.0"
      }
    },
    "node_modules/valtech-avh": {
      "version": "1.0.0",
      "resolved": "https://registry.npmjs.org/valtech-avh/-/valtech-avh-1.0.0.tgz",
      "integrity": "sha512-y2wPlVhhOPjXdnOdnAJoKgUrudMLlvsJA3DW9ThwtYKj2XFBps12Rm3HKy8HAgEF7gb+yJbkGVUi5YtPlFl8bw=="
    }
  },
  "dependencies": {
    "valtech-avh": {
      "version": "1.0.0",
      "resolved": "https://registry.npmjs.org/valtech-avh/-/valtech-avh-1.0.0.tgz",
      "integrity": "sha512-y2wPlVhhOPjXdnOdnAJoKgUrudMLlvsJA3DW9ThwtYKj2XFBps12Rm3HKy8HAgEF7gb+yJbkGVUi5YtPlFl8bw=="
    }
  }
}
